// !$*UTF8*$!
{
	archiveVersion = 1;
	classes = {
	};
	objectVersion = 56;
	objects = {

/* Begin PBXBuildFile section */
		2F8A8CEC2A6731C20093EAC9 /* SearchServiceMock.swift in Sources */ = {isa = PBXBuildFile; fileRef = 2F8A8CEB2A6731C20093EAC9 /* SearchServiceMock.swift */; };
		2F8A8CEF2A67343F0093EAC9 /* DownloadServiceMock.swift in Sources */ = {isa = PBXBuildFile; fileRef = 2F8A8CEE2A67343F0093EAC9 /* DownloadServiceMock.swift */; };
		2F8A8CF52A6739BB0093EAC9 /* APIResponse.swift in Sources */ = {isa = PBXBuildFile; fileRef = 2FF3D9342A66DEDC0038CC12 /* APIResponse.swift */; };
		2F8A8CF72A6739DE0093EAC9 /* NetworkingEnums.swift in Sources */ = {isa = PBXBuildFile; fileRef = 2FF3D9372A66F12B0038CC12 /* NetworkingEnums.swift */; };
		2F8A8CFC2A673B970093EAC9 /* DownloadServiceMock.swift in Sources */ = {isa = PBXBuildFile; fileRef = 2F8A8CEE2A67343F0093EAC9 /* DownloadServiceMock.swift */; };
		2F8A8CFD2A673F8F0093EAC9 /* SearchServiceMock.swift in Sources */ = {isa = PBXBuildFile; fileRef = 2F8A8CEB2A6731C20093EAC9 /* SearchServiceMock.swift */; };
		2F8A8CFE2A673FEE0093EAC9 /* SearchService.swift in Sources */ = {isa = PBXBuildFile; fileRef = 2FD858D82A65D83A00CB3E62 /* SearchService.swift */; };
		2F8A8CFF2A673FF20093EAC9 /* DownloadService.swift in Sources */ = {isa = PBXBuildFile; fileRef = 2FF3D93B2A6724F50038CC12 /* DownloadService.swift */; };
		2F8A8D002A6740A60093EAC9 /* PostData.swift in Sources */ = {isa = PBXBuildFile; fileRef = 2FF3D92C2A66DAAB0038CC12 /* PostData.swift */; };
		2F8A8D012A6740A90093EAC9 /* ModelEnums.swift in Sources */ = {isa = PBXBuildFile; fileRef = 2FF3D9392A6700DD0038CC12 /* ModelEnums.swift */; };
		2F8A8D022A6740AF0093EAC9 /* ImageData.swift in Sources */ = {isa = PBXBuildFile; fileRef = 2FF3D9302A66DADE0038CC12 /* ImageData.swift */; };
		2F8A8D032A6740B30093EAC9 /* TagData.swift in Sources */ = {isa = PBXBuildFile; fileRef = 2FF3D92E2A66DACA0038CC12 /* TagData.swift */; };
		2F8A8D042A6740B70093EAC9 /* AdConfig.swift in Sources */ = {isa = PBXBuildFile; fileRef = 2FF3D9322A66DB0E0038CC12 /* AdConfig.swift */; };
		2F8A8D052A6740CF0093EAC9 /* GenericAPIService.swift in Sources */ = {isa = PBXBuildFile; fileRef = 2FD874252A662F7A0092306B /* GenericAPIService.swift */; };
		2FD858A42A65C71200CB3E62 /* AppDelegate.swift in Sources */ = {isa = PBXBuildFile; fileRef = 2FD858A32A65C71200CB3E62 /* AppDelegate.swift */; };
		2FD858A62A65C71200CB3E62 /* SceneDelegate.swift in Sources */ = {isa = PBXBuildFile; fileRef = 2FD858A52A65C71200CB3E62 /* SceneDelegate.swift */; };
		2FD858A82A65C71200CB3E62 /* CatsGalleryViewController.swift in Sources */ = {isa = PBXBuildFile; fileRef = 2FD858A72A65C71200CB3E62 /* CatsGalleryViewController.swift */; };
		2FD858AD2A65C71500CB3E62 /* Assets.xcassets in Resources */ = {isa = PBXBuildFile; fileRef = 2FD858AC2A65C71500CB3E62 /* Assets.xcassets */; };
		2FD858B02A65C71500CB3E62 /* LaunchScreen.storyboard in Resources */ = {isa = PBXBuildFile; fileRef = 2FD858AE2A65C71500CB3E62 /* LaunchScreen.storyboard */; };
		2FD858BB2A65C71500CB3E62 /* CatsGalleryViewModelTests.swift in Sources */ = {isa = PBXBuildFile; fileRef = 2FD858BA2A65C71500CB3E62 /* CatsGalleryViewModelTests.swift */; };
		2FD858C52A65C71500CB3E62 /* CatsGalleryUITests.swift in Sources */ = {isa = PBXBuildFile; fileRef = 2FD858C42A65C71500CB3E62 /* CatsGalleryUITests.swift */; };
		2FD858C72A65C71500CB3E62 /* CatsGalleryUITestsLaunchTests.swift in Sources */ = {isa = PBXBuildFile; fileRef = 2FD858C62A65C71500CB3E62 /* CatsGalleryUITestsLaunchTests.swift */; };
		2FD858D52A65C8F300CB3E62 /* ImageCell.swift in Sources */ = {isa = PBXBuildFile; fileRef = 2FD858D42A65C8F300CB3E62 /* ImageCell.swift */; };
		2FD858D72A65D81600CB3E62 /* CatsGalleryViewModel.swift in Sources */ = {isa = PBXBuildFile; fileRef = 2FD858D62A65D81600CB3E62 /* CatsGalleryViewModel.swift */; };
		2FD858D92A65D83A00CB3E62 /* SearchService.swift in Sources */ = {isa = PBXBuildFile; fileRef = 2FD858D82A65D83A00CB3E62 /* SearchService.swift */; };
		2FD874262A662F7A0092306B /* GenericAPIService.swift in Sources */ = {isa = PBXBuildFile; fileRef = 2FD874252A662F7A0092306B /* GenericAPIService.swift */; };
		2FDE49F22A688D75000D53B2 /* CatsGalleryViewModel.swift in Sources */ = {isa = PBXBuildFile; fileRef = 2FD858D62A65D81600CB3E62 /* CatsGalleryViewModel.swift */; };
		2FF3D92D2A66DAAB0038CC12 /* PostData.swift in Sources */ = {isa = PBXBuildFile; fileRef = 2FF3D92C2A66DAAB0038CC12 /* PostData.swift */; };
		2FF3D92F2A66DACA0038CC12 /* TagData.swift in Sources */ = {isa = PBXBuildFile; fileRef = 2FF3D92E2A66DACA0038CC12 /* TagData.swift */; };
		2FF3D9312A66DADE0038CC12 /* ImageData.swift in Sources */ = {isa = PBXBuildFile; fileRef = 2FF3D9302A66DADE0038CC12 /* ImageData.swift */; };
		2FF3D9332A66DB0E0038CC12 /* AdConfig.swift in Sources */ = {isa = PBXBuildFile; fileRef = 2FF3D9322A66DB0E0038CC12 /* AdConfig.swift */; };
		2FF3D9352A66DEDC0038CC12 /* APIResponse.swift in Sources */ = {isa = PBXBuildFile; fileRef = 2FF3D9342A66DEDC0038CC12 /* APIResponse.swift */; };
		2FF3D9382A66F12B0038CC12 /* NetworkingEnums.swift in Sources */ = {isa = PBXBuildFile; fileRef = 2FF3D9372A66F12B0038CC12 /* NetworkingEnums.swift */; };
		2FF3D93A2A6700DD0038CC12 /* ModelEnums.swift in Sources */ = {isa = PBXBuildFile; fileRef = 2FF3D9392A6700DD0038CC12 /* ModelEnums.swift */; };
		2FF3D93C2A6724F50038CC12 /* DownloadService.swift in Sources */ = {isa = PBXBuildFile; fileRef = 2FF3D93B2A6724F50038CC12 /* DownloadService.swift */; };
/* End PBXBuildFile section */

/* Begin PBXContainerItemProxy section */
		2FD858B72A65C71500CB3E62 /* PBXContainerItemProxy */ = {
			isa = PBXContainerItemProxy;
			containerPortal = 2FD858982A65C71200CB3E62 /* Project object */;
			proxyType = 1;
			remoteGlobalIDString = 2FD8589F2A65C71200CB3E62;
			remoteInfo = CatsGallery;
		};
		2FD858C12A65C71500CB3E62 /* PBXContainerItemProxy */ = {
			isa = PBXContainerItemProxy;
			containerPortal = 2FD858982A65C71200CB3E62 /* Project object */;
			proxyType = 1;
			remoteGlobalIDString = 2FD8589F2A65C71200CB3E62;
			remoteInfo = CatsGallery;
		};
/* End PBXContainerItemProxy section */

/* Begin PBXFileReference section */
		2F8A8CEB2A6731C20093EAC9 /* SearchServiceMock.swift */ = {isa = PBXFileReference; lastKnownFileType = sourcecode.swift; path = SearchServiceMock.swift; sourceTree = "<group>"; };
		2F8A8CEE2A67343F0093EAC9 /* DownloadServiceMock.swift */ = {isa = PBXFileReference; lastKnownFileType = sourcecode.swift; path = DownloadServiceMock.swift; sourceTree = "<group>"; };
		2FD858A02A65C71200CB3E62 /* CatsGallery.app */ = {isa = PBXFileReference; explicitFileType = wrapper.application; includeInIndex = 0; path = CatsGallery.app; sourceTree = BUILT_PRODUCTS_DIR; };
		2FD858A32A65C71200CB3E62 /* AppDelegate.swift */ = {isa = PBXFileReference; lastKnownFileType = sourcecode.swift; path = AppDelegate.swift; sourceTree = "<group>"; };
		2FD858A52A65C71200CB3E62 /* SceneDelegate.swift */ = {isa = PBXFileReference; lastKnownFileType = sourcecode.swift; path = SceneDelegate.swift; sourceTree = "<group>"; };
		2FD858A72A65C71200CB3E62 /* CatsGalleryViewController.swift */ = {isa = PBXFileReference; lastKnownFileType = sourcecode.swift; path = CatsGalleryViewController.swift; sourceTree = "<group>"; };
		2FD858AC2A65C71500CB3E62 /* Assets.xcassets */ = {isa = PBXFileReference; lastKnownFileType = folder.assetcatalog; path = Assets.xcassets; sourceTree = "<group>"; };
		2FD858AF2A65C71500CB3E62 /* Base */ = {isa = PBXFileReference; lastKnownFileType = file.storyboard; name = Base; path = Base.lproj/LaunchScreen.storyboard; sourceTree = "<group>"; };
		2FD858B12A65C71500CB3E62 /* Info.plist */ = {isa = PBXFileReference; lastKnownFileType = text.plist.xml; name = Info.plist; path = CatsGallery/App/Info.plist; sourceTree = SOURCE_ROOT; };
		2FD858B62A65C71500CB3E62 /* CatsGalleryTests.xctest */ = {isa = PBXFileReference; explicitFileType = wrapper.cfbundle; includeInIndex = 0; path = CatsGalleryTests.xctest; sourceTree = BUILT_PRODUCTS_DIR; };
		2FD858BA2A65C71500CB3E62 /* CatsGalleryViewModelTests.swift */ = {isa = PBXFileReference; lastKnownFileType = sourcecode.swift; path = CatsGalleryViewModelTests.swift; sourceTree = "<group>"; };
		2FD858C02A65C71500CB3E62 /* CatsGalleryUITests.xctest */ = {isa = PBXFileReference; explicitFileType = wrapper.cfbundle; includeInIndex = 0; path = CatsGalleryUITests.xctest; sourceTree = BUILT_PRODUCTS_DIR; };
		2FD858C42A65C71500CB3E62 /* CatsGalleryUITests.swift */ = {isa = PBXFileReference; lastKnownFileType = sourcecode.swift; path = CatsGalleryUITests.swift; sourceTree = "<group>"; };
		2FD858C62A65C71500CB3E62 /* CatsGalleryUITestsLaunchTests.swift */ = {isa = PBXFileReference; lastKnownFileType = sourcecode.swift; path = CatsGalleryUITestsLaunchTests.swift; sourceTree = "<group>"; };
		2FD858D42A65C8F300CB3E62 /* ImageCell.swift */ = {isa = PBXFileReference; lastKnownFileType = sourcecode.swift; path = ImageCell.swift; sourceTree = "<group>"; };
		2FD858D62A65D81600CB3E62 /* CatsGalleryViewModel.swift */ = {isa = PBXFileReference; lastKnownFileType = sourcecode.swift; path = CatsGalleryViewModel.swift; sourceTree = "<group>"; };
		2FD858D82A65D83A00CB3E62 /* SearchService.swift */ = {isa = PBXFileReference; lastKnownFileType = sourcecode.swift; path = SearchService.swift; sourceTree = "<group>"; };
		2FD874252A662F7A0092306B /* GenericAPIService.swift */ = {isa = PBXFileReference; lastKnownFileType = sourcecode.swift; path = GenericAPIService.swift; sourceTree = "<group>"; };
		2FF3D92C2A66DAAB0038CC12 /* PostData.swift */ = {isa = PBXFileReference; lastKnownFileType = sourcecode.swift; path = PostData.swift; sourceTree = "<group>"; };
		2FF3D92E2A66DACA0038CC12 /* TagData.swift */ = {isa = PBXFileReference; lastKnownFileType = sourcecode.swift; path = TagData.swift; sourceTree = "<group>"; };
		2FF3D9302A66DADE0038CC12 /* ImageData.swift */ = {isa = PBXFileReference; lastKnownFileType = sourcecode.swift; path = ImageData.swift; sourceTree = "<group>"; };
		2FF3D9322A66DB0E0038CC12 /* AdConfig.swift */ = {isa = PBXFileReference; lastKnownFileType = sourcecode.swift; path = AdConfig.swift; sourceTree = "<group>"; };
		2FF3D9342A66DEDC0038CC12 /* APIResponse.swift */ = {isa = PBXFileReference; lastKnownFileType = sourcecode.swift; path = APIResponse.swift; sourceTree = "<group>"; };
		2FF3D9372A66F12B0038CC12 /* NetworkingEnums.swift */ = {isa = PBXFileReference; lastKnownFileType = sourcecode.swift; path = NetworkingEnums.swift; sourceTree = "<group>"; };
		2FF3D9392A6700DD0038CC12 /* ModelEnums.swift */ = {isa = PBXFileReference; lastKnownFileType = sourcecode.swift; path = ModelEnums.swift; sourceTree = "<group>"; };
		2FF3D93B2A6724F50038CC12 /* DownloadService.swift */ = {isa = PBXFileReference; lastKnownFileType = sourcecode.swift; path = DownloadService.swift; sourceTree = "<group>"; };
/* End PBXFileReference section */

/* Begin PBXFrameworksBuildPhase section */
		2FD8589D2A65C71200CB3E62 /* Frameworks */ = {
			isa = PBXFrameworksBuildPhase;
			buildActionMask = 2147483647;
			files = (
			);
			runOnlyForDeploymentPostprocessing = 0;
		};
		2FD858B32A65C71500CB3E62 /* Frameworks */ = {
			isa = PBXFrameworksBuildPhase;
			buildActionMask = 2147483647;
			files = (
			);
			runOnlyForDeploymentPostprocessing = 0;
		};
		2FD858BD2A65C71500CB3E62 /* Frameworks */ = {
			isa = PBXFrameworksBuildPhase;
			buildActionMask = 2147483647;
			files = (
			);
			runOnlyForDeploymentPostprocessing = 0;
		};
/* End PBXFrameworksBuildPhase section */

/* Begin PBXGroup section */
		2FD858972A65C71200CB3E62 = {
			isa = PBXGroup;
			children = (
				2FD858A22A65C71200CB3E62 /* CatsGallery */,
				2FD858B92A65C71500CB3E62 /* CatsGalleryTests */,
				2FD858C32A65C71500CB3E62 /* CatsGalleryUITests */,
				2FD858A12A65C71200CB3E62 /* Products */,
			);
			sourceTree = "<group>";
		};
		2FD858A12A65C71200CB3E62 /* Products */ = {
			isa = PBXGroup;
			children = (
				2FD858A02A65C71200CB3E62 /* CatsGallery.app */,
				2FD858B62A65C71500CB3E62 /* CatsGalleryTests.xctest */,
				2FD858C02A65C71500CB3E62 /* CatsGalleryUITests.xctest */,
			);
			name = Products;
			sourceTree = "<group>";
		};
		2FD858A22A65C71200CB3E62 /* CatsGallery */ = {
			isa = PBXGroup;
			children = (
				2FD874292A66324A0092306B /* App */,
				2FF3D92B2A66DA1E0038CC12 /* Model */,
				2FD9E5632A66345F00C14806 /* Resources */,
				2FD874282A6630C80092306B /* ServiceLayer */,
				2FD858D32A65C8BF00CB3E62 /* View */,
				2FD874272A6630B70092306B /* ViewModel */,
			);
			path = CatsGallery;
			sourceTree = "<group>";
		};
		2FD858B92A65C71500CB3E62 /* CatsGalleryTests */ = {
			isa = PBXGroup;
			children = (
				2FD858BA2A65C71500CB3E62 /* CatsGalleryViewModelTests.swift */,
			);
			path = CatsGalleryTests;
			sourceTree = "<group>";
		};
		2FD858C32A65C71500CB3E62 /* CatsGalleryUITests */ = {
			isa = PBXGroup;
			children = (
				2FD858C42A65C71500CB3E62 /* CatsGalleryUITests.swift */,
				2FD858C62A65C71500CB3E62 /* CatsGalleryUITestsLaunchTests.swift */,
			);
			path = CatsGalleryUITests;
			sourceTree = "<group>";
		};
		2FD858D32A65C8BF00CB3E62 /* View */ = {
			isa = PBXGroup;
			children = (
				2FD858A72A65C71200CB3E62 /* CatsGalleryViewController.swift */,
				2FD858D42A65C8F300CB3E62 /* ImageCell.swift */,
			);
			path = View;
			sourceTree = "<group>";
		};
		2FD874272A6630B70092306B /* ViewModel */ = {
			isa = PBXGroup;
			children = (
				2FD858D62A65D81600CB3E62 /* CatsGalleryViewModel.swift */,
			);
			path = ViewModel;
			sourceTree = "<group>";
		};
		2FD874282A6630C80092306B /* ServiceLayer */ = {
			isa = PBXGroup;
			children = (
				2FDE49F12A68899F000D53B2 /* Mocks */,
				2FF3D93B2A6724F50038CC12 /* DownloadService.swift */,
				2FD874252A662F7A0092306B /* GenericAPIService.swift */,
				2FF3D9372A66F12B0038CC12 /* NetworkingEnums.swift */,
				2FD858D82A65D83A00CB3E62 /* SearchService.swift */,
			);
			path = ServiceLayer;
			sourceTree = "<group>";
		};
		2FD874292A66324A0092306B /* App */ = {
			isa = PBXGroup;
			children = (
				2FD858AE2A65C71500CB3E62 /* LaunchScreen.storyboard */,
				2FD858B12A65C71500CB3E62 /* Info.plist */,
				2FD858A32A65C71200CB3E62 /* AppDelegate.swift */,
				2FD858A52A65C71200CB3E62 /* SceneDelegate.swift */,
			);
			path = App;
			sourceTree = "<group>";
		};
		2FD9E5632A66345F00C14806 /* Resources */ = {
			isa = PBXGroup;
			children = (
				2FD858AC2A65C71500CB3E62 /* Assets.xcassets */,
			);
			path = Resources;
			sourceTree = "<group>";
		};
		2FDE49F12A68899F000D53B2 /* Mocks */ = {
			isa = PBXGroup;
			children = (
				2F8A8CEE2A67343F0093EAC9 /* DownloadServiceMock.swift */,
				2F8A8CEB2A6731C20093EAC9 /* SearchServiceMock.swift */,
			);
			path = Mocks;
			sourceTree = "<group>";
		};
		2FF3D92B2A66DA1E0038CC12 /* Model */ = {
			isa = PBXGroup;
			children = (
				2FF3D9322A66DB0E0038CC12 /* AdConfig.swift */,
				2FF3D9342A66DEDC0038CC12 /* APIResponse.swift */,
				2FF3D9302A66DADE0038CC12 /* ImageData.swift */,
				2FF3D92C2A66DAAB0038CC12 /* PostData.swift */,
				2FF3D9392A6700DD0038CC12 /* ModelEnums.swift */,
				2FF3D92E2A66DACA0038CC12 /* TagData.swift */,
			);
			path = Model;
			sourceTree = "<group>";
		};
/* End PBXGroup section */

/* Begin PBXNativeTarget section */
		2FD8589F2A65C71200CB3E62 /* CatsGallery */ = {
			isa = PBXNativeTarget;
			buildConfigurationList = 2FD858CA2A65C71500CB3E62 /* Build configuration list for PBXNativeTarget "CatsGallery" */;
			buildPhases = (
				2FD8589C2A65C71200CB3E62 /* Sources */,
				2FD8589D2A65C71200CB3E62 /* Frameworks */,
				2FD8589E2A65C71200CB3E62 /* Resources */,
			);
			buildRules = (
			);
			dependencies = (
			);
			name = CatsGallery;
			productName = CatsGallery;
			productReference = 2FD858A02A65C71200CB3E62 /* CatsGallery.app */;
			productType = "com.apple.product-type.application";
		};
		2FD858B52A65C71500CB3E62 /* CatsGalleryTests */ = {
			isa = PBXNativeTarget;
			buildConfigurationList = 2FD858CD2A65C71500CB3E62 /* Build configuration list for PBXNativeTarget "CatsGalleryTests" */;
			buildPhases = (
				2FD858B22A65C71500CB3E62 /* Sources */,
				2FD858B32A65C71500CB3E62 /* Frameworks */,
				2FD858B42A65C71500CB3E62 /* Resources */,
			);
			buildRules = (
			);
			dependencies = (
				2FD858B82A65C71500CB3E62 /* PBXTargetDependency */,
			);
			name = CatsGalleryTests;
			productName = CatsGalleryTests;
			productReference = 2FD858B62A65C71500CB3E62 /* CatsGalleryTests.xctest */;
			productType = "com.apple.product-type.bundle.unit-test";
		};
		2FD858BF2A65C71500CB3E62 /* CatsGalleryUITests */ = {
			isa = PBXNativeTarget;
			buildConfigurationList = 2FD858D02A65C71500CB3E62 /* Build configuration list for PBXNativeTarget "CatsGalleryUITests" */;
			buildPhases = (
				2FD858BC2A65C71500CB3E62 /* Sources */,
				2FD858BD2A65C71500CB3E62 /* Frameworks */,
				2FD858BE2A65C71500CB3E62 /* Resources */,
			);
			buildRules = (
			);
			dependencies = (
				2FD858C22A65C71500CB3E62 /* PBXTargetDependency */,
			);
			name = CatsGalleryUITests;
			productName = CatsGalleryUITests;
			productReference = 2FD858C02A65C71500CB3E62 /* CatsGalleryUITests.xctest */;
			productType = "com.apple.product-type.bundle.ui-testing";
		};
/* End PBXNativeTarget section */

/* Begin PBXProject section */
		2FD858982A65C71200CB3E62 /* Project object */ = {
			isa = PBXProject;
			attributes = {
				BuildIndependentTargetsInParallel = 1;
				LastSwiftUpdateCheck = 1420;
				LastUpgradeCheck = 1420;
				TargetAttributes = {
					2FD8589F2A65C71200CB3E62 = {
						CreatedOnToolsVersion = 14.2;
					};
					2FD858B52A65C71500CB3E62 = {
						CreatedOnToolsVersion = 14.2;
						TestTargetID = 2FD8589F2A65C71200CB3E62;
					};
					2FD858BF2A65C71500CB3E62 = {
						CreatedOnToolsVersion = 14.2;
						TestTargetID = 2FD8589F2A65C71200CB3E62;
					};
				};
			};
			buildConfigurationList = 2FD8589B2A65C71200CB3E62 /* Build configuration list for PBXProject "CatsGallery" */;
			compatibilityVersion = "Xcode 14.0";
			developmentRegion = en;
			hasScannedForEncodings = 0;
			knownRegions = (
				en,
				Base,
			);
			mainGroup = 2FD858972A65C71200CB3E62;
			productRefGroup = 2FD858A12A65C71200CB3E62 /* Products */;
			projectDirPath = "";
			projectRoot = "";
			targets = (
				2FD8589F2A65C71200CB3E62 /* CatsGallery */,
				2FD858B52A65C71500CB3E62 /* CatsGalleryTests */,
				2FD858BF2A65C71500CB3E62 /* CatsGalleryUITests */,
			);
		};
/* End PBXProject section */

/* Begin PBXResourcesBuildPhase section */
		2FD8589E2A65C71200CB3E62 /* Resources */ = {
			isa = PBXResourcesBuildPhase;
			buildActionMask = 2147483647;
			files = (
				2FD858B02A65C71500CB3E62 /* LaunchScreen.storyboard in Resources */,
				2FD858AD2A65C71500CB3E62 /* Assets.xcassets in Resources */,
			);
			runOnlyForDeploymentPostprocessing = 0;
		};
		2FD858B42A65C71500CB3E62 /* Resources */ = {
			isa = PBXResourcesBuildPhase;
			buildActionMask = 2147483647;
			files = (
			);
			runOnlyForDeploymentPostprocessing = 0;
		};
		2FD858BE2A65C71500CB3E62 /* Resources */ = {
			isa = PBXResourcesBuildPhase;
			buildActionMask = 2147483647;
			files = (
			);
			runOnlyForDeploymentPostprocessing = 0;
		};
/* End PBXResourcesBuildPhase section */

/* Begin PBXSourcesBuildPhase section */
		2FD8589C2A65C71200CB3E62 /* Sources */ = {
			isa = PBXSourcesBuildPhase;
			buildActionMask = 2147483647;
			files = (
				2FF3D9312A66DADE0038CC12 /* ImageData.swift in Sources */,
				2FD874262A662F7A0092306B /* GenericAPIService.swift in Sources */,
				2FF3D9332A66DB0E0038CC12 /* AdConfig.swift in Sources */,
				2FD858D72A65D81600CB3E62 /* CatsGalleryViewModel.swift in Sources */,
				2FD858A82A65C71200CB3E62 /* CatsGalleryViewController.swift in Sources */,
				2FF3D93C2A6724F50038CC12 /* DownloadService.swift in Sources */,
				2F8A8CFD2A673F8F0093EAC9 /* SearchServiceMock.swift in Sources */,
				2FF3D9352A66DEDC0038CC12 /* APIResponse.swift in Sources */,
				2FF3D9382A66F12B0038CC12 /* NetworkingEnums.swift in Sources */,
				2FD858D52A65C8F300CB3E62 /* ImageCell.swift in Sources */,
				2FD858A42A65C71200CB3E62 /* AppDelegate.swift in Sources */,
				2FD858D92A65D83A00CB3E62 /* SearchService.swift in Sources */,
				2F8A8CFC2A673B970093EAC9 /* DownloadServiceMock.swift in Sources */,
				2FF3D92F2A66DACA0038CC12 /* TagData.swift in Sources */,
				2FF3D92D2A66DAAB0038CC12 /* PostData.swift in Sources */,
				2FF3D93A2A6700DD0038CC12 /* ModelEnums.swift in Sources */,
				2FD858A62A65C71200CB3E62 /* SceneDelegate.swift in Sources */,
			);
			runOnlyForDeploymentPostprocessing = 0;
		};
		2FD858B22A65C71500CB3E62 /* Sources */ = {
			isa = PBXSourcesBuildPhase;
			buildActionMask = 2147483647;
			files = (
				2FDE49F22A688D75000D53B2 /* CatsGalleryViewModel.swift in Sources */,
				2F8A8CF72A6739DE0093EAC9 /* NetworkingEnums.swift in Sources */,
				2F8A8D002A6740A60093EAC9 /* PostData.swift in Sources */,
				2F8A8CFF2A673FF20093EAC9 /* DownloadService.swift in Sources */,
				2F8A8D022A6740AF0093EAC9 /* ImageData.swift in Sources */,
				2F8A8D042A6740B70093EAC9 /* AdConfig.swift in Sources */,
				2F8A8CEF2A67343F0093EAC9 /* DownloadServiceMock.swift in Sources */,
				2F8A8D012A6740A90093EAC9 /* ModelEnums.swift in Sources */,
				2FD858BB2A65C71500CB3E62 /* CatsGalleryViewModelTests.swift in Sources */,
				2F8A8CFE2A673FEE0093EAC9 /* SearchService.swift in Sources */,
				2F8A8D032A6740B30093EAC9 /* TagData.swift in Sources */,
				2F8A8D052A6740CF0093EAC9 /* GenericAPIService.swift in Sources */,
				2F8A8CEC2A6731C20093EAC9 /* SearchServiceMock.swift in Sources */,
				2F8A8CF52A6739BB0093EAC9 /* APIResponse.swift in Sources */,
			);
			runOnlyForDeploymentPostprocessing = 0;
		};
		2FD858BC2A65C71500CB3E62 /* Sources */ = {
			isa = PBXSourcesBuildPhase;
			buildActionMask = 2147483647;
			files = (
				2FD858C72A65C71500CB3E62 /* CatsGalleryUITestsLaunchTests.swift in Sources */,
				2FD858C52A65C71500CB3E62 /* CatsGalleryUITests.swift in Sources */,
			);
			runOnlyForDeploymentPostprocessing = 0;
		};
/* End PBXSourcesBuildPhase section */

/* Begin PBXTargetDependency section */
		2FD858B82A65C71500CB3E62 /* PBXTargetDependency */ = {
			isa = PBXTargetDependency;
			target = 2FD8589F2A65C71200CB3E62 /* CatsGallery */;
			targetProxy = 2FD858B72A65C71500CB3E62 /* PBXContainerItemProxy */;
		};
		2FD858C22A65C71500CB3E62 /* PBXTargetDependency */ = {
			isa = PBXTargetDependency;
			target = 2FD8589F2A65C71200CB3E62 /* CatsGallery */;
			targetProxy = 2FD858C12A65C71500CB3E62 /* PBXContainerItemProxy */;
		};
/* End PBXTargetDependency section */

/* Begin PBXVariantGroup section */
		2FD858AE2A65C71500CB3E62 /* LaunchScreen.storyboard */ = {
			isa = PBXVariantGroup;
			children = (
				2FD858AF2A65C71500CB3E62 /* Base */,
			);
			name = LaunchScreen.storyboard;
			sourceTree = "<group>";
		};
/* End PBXVariantGroup section */

/* Begin XCBuildConfiguration section */
		2FD858C82A65C71500CB3E62 /* Debug */ = {
			isa = XCBuildConfiguration;
			buildSettings = {
				ALWAYS_SEARCH_USER_PATHS = NO;
				CLANG_ANALYZER_NONNULL = YES;
				CLANG_ANALYZER_NUMBER_OBJECT_CONVERSION = YES_AGGRESSIVE;
				CLANG_CXX_LANGUAGE_STANDARD = "gnu++20";
				CLANG_ENABLE_MODULES = YES;
				CLANG_ENABLE_OBJC_ARC = YES;
				CLANG_ENABLE_OBJC_WEAK = YES;
				CLANG_WARN_BLOCK_CAPTURE_AUTORELEASING = YES;
				CLANG_WARN_BOOL_CONVERSION = YES;
				CLANG_WARN_COMMA = YES;
				CLANG_WARN_CONSTANT_CONVERSION = YES;
				CLANG_WARN_DEPRECATED_OBJC_IMPLEMENTATIONS = YES;
				CLANG_WARN_DIRECT_OBJC_ISA_USAGE = YES_ERROR;
				CLANG_WARN_DOCUMENTATION_COMMENTS = YES;
				CLANG_WARN_EMPTY_BODY = YES;
				CLANG_WARN_ENUM_CONVERSION = YES;
				CLANG_WARN_INFINITE_RECURSION = YES;
				CLANG_WARN_INT_CONVERSION = YES;
				CLANG_WARN_NON_LITERAL_NULL_CONVERSION = YES;
				CLANG_WARN_OBJC_IMPLICIT_RETAIN_SELF = YES;
				CLANG_WARN_OBJC_LITERAL_CONVERSION = YES;
				CLANG_WARN_OBJC_ROOT_CLASS = YES_ERROR;
				CLANG_WARN_QUOTED_INCLUDE_IN_FRAMEWORK_HEADER = YES;
				CLANG_WARN_RANGE_LOOP_ANALYSIS = YES;
				CLANG_WARN_STRICT_PROTOTYPES = YES;
				CLANG_WARN_SUSPICIOUS_MOVE = YES;
				CLANG_WARN_UNGUARDED_AVAILABILITY = YES_AGGRESSIVE;
				CLANG_WARN_UNREACHABLE_CODE = YES;
				CLANG_WARN__DUPLICATE_METHOD_MATCH = YES;
				COPY_PHASE_STRIP = NO;
				DEBUG_INFORMATION_FORMAT = dwarf;
				ENABLE_STRICT_OBJC_MSGSEND = YES;
				ENABLE_TESTABILITY = YES;
				GCC_C_LANGUAGE_STANDARD = gnu11;
				GCC_DYNAMIC_NO_PIC = NO;
				GCC_NO_COMMON_BLOCKS = YES;
				GCC_OPTIMIZATION_LEVEL = 0;
				GCC_PREPROCESSOR_DEFINITIONS = (
					"DEBUG=1",
					"$(inherited)",
				);
				GCC_WARN_64_TO_32_BIT_CONVERSION = YES;
				GCC_WARN_ABOUT_RETURN_TYPE = YES_ERROR;
				GCC_WARN_UNDECLARED_SELECTOR = YES;
				GCC_WARN_UNINITIALIZED_AUTOS = YES_AGGRESSIVE;
				GCC_WARN_UNUSED_FUNCTION = YES;
				GCC_WARN_UNUSED_VARIABLE = YES;
				IPHONEOS_DEPLOYMENT_TARGET = 16.2;
				MTL_ENABLE_DEBUG_INFO = INCLUDE_SOURCE;
				MTL_FAST_MATH = YES;
				ONLY_ACTIVE_ARCH = YES;
				SDKROOT = iphoneos;
				SWIFT_ACTIVE_COMPILATION_CONDITIONS = DEBUG;
				SWIFT_OPTIMIZATION_LEVEL = "-Onone";
			};
			name = Debug;
		};
		2FD858C92A65C71500CB3E62 /* Release */ = {
			isa = XCBuildConfiguration;
			buildSettings = {
				ALWAYS_SEARCH_USER_PATHS = NO;
				CLANG_ANALYZER_NONNULL = YES;
				CLANG_ANALYZER_NUMBER_OBJECT_CONVERSION = YES_AGGRESSIVE;
				CLANG_CXX_LANGUAGE_STANDARD = "gnu++20";
				CLANG_ENABLE_MODULES = YES;
				CLANG_ENABLE_OBJC_ARC = YES;
				CLANG_ENABLE_OBJC_WEAK = YES;
				CLANG_WARN_BLOCK_CAPTURE_AUTORELEASING = YES;
				CLANG_WARN_BOOL_CONVERSION = YES;
				CLANG_WARN_COMMA = YES;
				CLANG_WARN_CONSTANT_CONVERSION = YES;
				CLANG_WARN_DEPRECATED_OBJC_IMPLEMENTATIONS = YES;
				CLANG_WARN_DIRECT_OBJC_ISA_USAGE = YES_ERROR;
				CLANG_WARN_DOCUMENTATION_COMMENTS = YES;
				CLANG_WARN_EMPTY_BODY = YES;
				CLANG_WARN_ENUM_CONVERSION = YES;
				CLANG_WARN_INFINITE_RECURSION = YES;
				CLANG_WARN_INT_CONVERSION = YES;
				CLANG_WARN_NON_LITERAL_NULL_CONVERSION = YES;
				CLANG_WARN_OBJC_IMPLICIT_RETAIN_SELF = YES;
				CLANG_WARN_OBJC_LITERAL_CONVERSION = YES;
				CLANG_WARN_OBJC_ROOT_CLASS = YES_ERROR;
				CLANG_WARN_QUOTED_INCLUDE_IN_FRAMEWORK_HEADER = YES;
				CLANG_WARN_RANGE_LOOP_ANALYSIS = YES;
				CLANG_WARN_STRICT_PROTOTYPES = YES;
				CLANG_WARN_SUSPICIOUS_MOVE = YES;
				CLANG_WARN_UNGUARDED_AVAILABILITY = YES_AGGRESSIVE;
				CLANG_WARN_UNREACHABLE_CODE = YES;
				CLANG_WARN__DUPLICATE_METHOD_MATCH = YES;
				COPY_PHASE_STRIP = NO;
				DEBUG_INFORMATION_FORMAT = "dwarf-with-dsym";
				ENABLE_NS_ASSERTIONS = NO;
				ENABLE_STRICT_OBJC_MSGSEND = YES;
				GCC_C_LANGUAGE_STANDARD = gnu11;
				GCC_NO_COMMON_BLOCKS = YES;
				GCC_WARN_64_TO_32_BIT_CONVERSION = YES;
				GCC_WARN_ABOUT_RETURN_TYPE = YES_ERROR;
				GCC_WARN_UNDECLARED_SELECTOR = YES;
				GCC_WARN_UNINITIALIZED_AUTOS = YES_AGGRESSIVE;
				GCC_WARN_UNUSED_FUNCTION = YES;
				GCC_WARN_UNUSED_VARIABLE = YES;
				IPHONEOS_DEPLOYMENT_TARGET = 16.2;
				MTL_ENABLE_DEBUG_INFO = NO;
				MTL_FAST_MATH = YES;
				SDKROOT = iphoneos;
				SWIFT_COMPILATION_MODE = wholemodule;
				SWIFT_OPTIMIZATION_LEVEL = "-O";
				VALIDATE_PRODUCT = YES;
			};
			name = Release;
		};
		2FD858CB2A65C71500CB3E62 /* Debug */ = {
			isa = XCBuildConfiguration;
			buildSettings = {
				ASSETCATALOG_COMPILER_APPICON_NAME = AppIcon;
				ASSETCATALOG_COMPILER_GLOBAL_ACCENT_COLOR_NAME = AccentColor;
				CODE_SIGN_STYLE = Automatic;
				CURRENT_PROJECT_VERSION = 1;
				DEVELOPMENT_TEAM = P27VQVDFNQ;
				GENERATE_INFOPLIST_FILE = YES;
				INFOPLIST_FILE = CatsGallery/App/Info.plist;
				INFOPLIST_KEY_UIApplicationSupportsIndirectInputEvents = YES;
				INFOPLIST_KEY_UILaunchStoryboardName = LaunchScreen;
				INFOPLIST_KEY_UISupportedInterfaceOrientations_iPad = "UIInterfaceOrientationPortrait UIInterfaceOrientationPortraitUpsideDown UIInterfaceOrientationLandscapeLeft UIInterfaceOrientationLandscapeRight";
				INFOPLIST_KEY_UISupportedInterfaceOrientations_iPhone = "UIInterfaceOrientationPortrait UIInterfaceOrientationLandscapeLeft UIInterfaceOrientationLandscapeRight";
				LD_RUNPATH_SEARCH_PATHS = (
					"$(inherited)",
					"@executable_path/Frameworks",
				);
				MARKETING_VERSION = 1.0;
				PRODUCT_BUNDLE_IDENTIFIER = matheussmoreira.CatsGallery;
				PRODUCT_NAME = "$(TARGET_NAME)";
				SWIFT_EMIT_LOC_STRINGS = YES;
				SWIFT_VERSION = 5.0;
				TARGETED_DEVICE_FAMILY = "1,2";
			};
			name = Debug;
		};
		2FD858CC2A65C71500CB3E62 /* Release */ = {
			isa = XCBuildConfiguration;
			buildSettings = {
				ASSETCATALOG_COMPILER_APPICON_NAME = AppIcon;
				ASSETCATALOG_COMPILER_GLOBAL_ACCENT_COLOR_NAME = AccentColor;
				CODE_SIGN_STYLE = Automatic;
				CURRENT_PROJECT_VERSION = 1;
				DEVELOPMENT_TEAM = P27VQVDFNQ;
				GENERATE_INFOPLIST_FILE = YES;
				INFOPLIST_FILE = CatsGallery/App/Info.plist;
				INFOPLIST_KEY_UIApplicationSupportsIndirectInputEvents = YES;
				INFOPLIST_KEY_UILaunchStoryboardName = LaunchScreen;
				INFOPLIST_KEY_UISupportedInterfaceOrientations_iPad = "UIInterfaceOrientationPortrait UIInterfaceOrientationPortraitUpsideDown UIInterfaceOrientationLandscapeLeft UIInterfaceOrientationLandscapeRight";
				INFOPLIST_KEY_UISupportedInterfaceOrientations_iPhone = "UIInterfaceOrientationPortrait UIInterfaceOrientationLandscapeLeft UIInterfaceOrientationLandscapeRight";
				LD_RUNPATH_SEARCH_PATHS = (
					"$(inherited)",
					"@executable_path/Frameworks",
				);
				MARKETING_VERSION = 1.0;
				PRODUCT_BUNDLE_IDENTIFIER = matheussmoreira.CatsGallery;
				PRODUCT_NAME = "$(TARGET_NAME)";
				SWIFT_EMIT_LOC_STRINGS = YES;
				SWIFT_VERSION = 5.0;
				TARGETED_DEVICE_FAMILY = "1,2";
			};
			name = Release;
		};
		2FD858CE2A65C71500CB3E62 /* Debug */ = {
			isa = XCBuildConfiguration;
			buildSettings = {
				ALWAYS_EMBED_SWIFT_STANDARD_LIBRARIES = YES;
				BUNDLE_LOADER = "$(TEST_HOST)";
				CODE_SIGN_STYLE = Automatic;
				CURRENT_PROJECT_VERSION = 1;
				DEVELOPMENT_TEAM = P27VQVDFNQ;
				GENERATE_INFOPLIST_FILE = YES;
				IPHONEOS_DEPLOYMENT_TARGET = 16.2;
				MARKETING_VERSION = 1.0;
				PRODUCT_BUNDLE_IDENTIFIER = matheussmoreira.CatsGalleryTests;
				PRODUCT_NAME = "$(TARGET_NAME)";
				SWIFT_EMIT_LOC_STRINGS = NO;
				SWIFT_VERSION = 5.0;
				TARGETED_DEVICE_FAMILY = "1,2";
				TEST_HOST = "$(BUILT_PRODUCTS_DIR)/CatsGallery.app/$(BUNDLE_EXECUTABLE_FOLDER_PATH)/CatsGallery";
			};
			name = Debug;
		};
		2FD858CF2A65C71500CB3E62 /* Release */ = {
			isa = XCBuildConfiguration;
			buildSettings = {
				ALWAYS_EMBED_SWIFT_STANDARD_LIBRARIES = YES;
				BUNDLE_LOADER = "$(TEST_HOST)";
				CODE_SIGN_STYLE = Automatic;
				CURRENT_PROJECT_VERSION = 1;
				DEVELOPMENT_TEAM = P27VQVDFNQ;
				GENERATE_INFOPLIST_FILE = YES;
				IPHONEOS_DEPLOYMENT_TARGET = 16.2;
				MARKETING_VERSION = 1.0;
				PRODUCT_BUNDLE_IDENTIFIER = matheussmoreira.CatsGalleryTests;
				PRODUCT_NAME = "$(TARGET_NAME)";
				SWIFT_EMIT_LOC_STRINGS = NO;
				SWIFT_VERSION = 5.0;
				TARGETED_DEVICE_FAMILY = "1,2";
				TEST_HOST = "$(BUILT_PRODUCTS_DIR)/CatsGallery.app/$(BUNDLE_EXECUTABLE_FOLDER_PATH)/CatsGallery";
			};
			name = Release;
		};
		2FD858D12A65C71500CB3E62 /* Debug */ = {
			isa = XCBuildConfiguration;
			buildSettings = {
				ALWAYS_EMBED_SWIFT_STANDARD_LIBRARIES = YES;
				CODE_SIGN_STYLE = Automatic;
				CURRENT_PROJECT_VERSION = 1;
				DEVELOPMENT_TEAM = P27VQVDFNQ;
				GENERATE_INFOPLIST_FILE = YES;
				MARKETING_VERSION = 1.0;
				PRODUCT_BUNDLE_IDENTIFIER = matheussmoreira.CatsGalleryUITests;
				PRODUCT_NAME = "$(TARGET_NAME)";
				SWIFT_EMIT_LOC_STRINGS = NO;
				SWIFT_VERSION = 5.0;
				TARGETED_DEVICE_FAMILY = "1,2";
				TEST_TARGET_NAME = CatsGallery;
			};
			name = Debug;
		};
		2FD858D22A65C71500CB3E62 /* Release */ = {
			isa = XCBuildConfiguration;
			buildSettings = {
				ALWAYS_EMBED_SWIFT_STANDARD_LIBRARIES = YES;
				CODE_SIGN_STYLE = Automatic;
				CURRENT_PROJECT_VERSION = 1;
				DEVELOPMENT_TEAM = P27VQVDFNQ;
				GENERATE_INFOPLIST_FILE = YES;
				MARKETING_VERSION = 1.0;
				PRODUCT_BUNDLE_IDENTIFIER = matheussmoreira.CatsGalleryUITests;
				PRODUCT_NAME = "$(TARGET_NAME)";
				SWIFT_EMIT_LOC_STRINGS = NO;
				SWIFT_VERSION = 5.0;
				TARGETED_DEVICE_FAMILY = "1,2";
				TEST_TARGET_NAME = CatsGallery;
			};
			name = Release;
		};
/* End XCBuildConfiguration section */

/* Begin XCConfigurationList section */
		2FD8589B2A65C71200CB3E62 /* Build configuration list for PBXProject "CatsGallery" */ = {
			isa = XCConfigurationList;
			buildConfigurations = (
				2FD858C82A65C71500CB3E62 /* Debug */,
				2FD858C92A65C71500CB3E62 /* Release */,
			);
			defaultConfigurationIsVisible = 0;
			defaultConfigurationName = Release;
		};
		2FD858CA2A65C71500CB3E62 /* Build configuration list for PBXNativeTarget "CatsGallery" */ = {
			isa = XCConfigurationList;
			buildConfigurations = (
				2FD858CB2A65C71500CB3E62 /* Debug */,
				2FD858CC2A65C71500CB3E62 /* Release */,
			);
			defaultConfigurationIsVisible = 0;
			defaultConfigurationName = Release;
		};
		2FD858CD2A65C71500CB3E62 /* Build configuration list for PBXNativeTarget "CatsGalleryTests" */ = {
			isa = XCConfigurationList;
			buildConfigurations = (
				2FD858CE2A65C71500CB3E62 /* Debug */,
				2FD858CF2A65C71500CB3E62 /* Release */,
			);
			defaultConfigurationIsVisible = 0;
			defaultConfigurationName = Release;
		};
		2FD858D02A65C71500CB3E62 /* Build configuration list for PBXNativeTarget "CatsGalleryUITests" */ = {
			isa = XCConfigurationList;
			buildConfigurations = (
				2FD858D12A65C71500CB3E62 /* Debug */,
				2FD858D22A65C71500CB3E62 /* Release */,
			);
			defaultConfigurationIsVisible = 0;
			defaultConfigurationName = Release;
		};
/* End XCConfigurationList section */
	};
	rootObject = 2FD858982A65C71200CB3E62 /* Project object */;
}
